
Microsoft Visual Studio Solution File, Format Version 12.00
# Visual Studio Version 17
VisualStudioVersion = 17.5.33414.496
MinimumVisualStudioVersion = 10.0.40219.1
Project("{FAE04EC0-301F-11D3-BF4B-00C04F79EFBC}") = "EmployeeDashboard", "EmployeeDashboard.csproj", "{7159B9F7-6C92-4F4B-A792-CDBA9F564C33}"
EndProject
Global
	GlobalSection(SolutionConfigurationPlatforms) = preSolution
		Debug|Any CPU = Debug|Any CPU
		Release|Any CPU = Release|Any CPU
	EndGlobalSection
	GlobalSection(ProjectConfigurationPlatforms) = postSolution
		{7159B9F7-6C92-4F4B-A792-CDBA9F564C33}.Debug|Any CPU.ActiveCfg = Debug|Any CPU
		{7159B9F7-6C92-4F4B-A792-CDBA9F564C33}.Debug|Any CPU.Build.0 = Debug|Any CPU
		{7159B9F7-6C92-4F4B-A792-CDBA9F564C33}.Release|Any CPU.ActiveCfg = Release|Any CPU
		{7159B9F7-6C92-4F4B-A792-CDBA9F564C33}.Release|Any CPU.Build.0 = Release|Any CPU
	EndGlobalSection
	GlobalSection(SolutionProperties) = preSolution
		HideSolutionNode = FALSE
	EndGlobalSection
	GlobalSection(ExtensibilityGlobals) = postSolution
		SolutionGuid = {E804C629-07A2-4B54-868E-7ACBC751379A}
	EndGlobalSection
EndGlobal
